
Microsoft Visual Studio Solution File, Format Version 12.00
# Visual Studio Version 17
VisualStudioVersion = 17.11.35219.272
MinimumVisualStudioVersion = 10.0.40219.1
Project("{FAE04EC0-301F-11D3-BF4B-00C04F79EFBC}") = "Domain", "Domain\Domain.csproj", "{10A7B000-2E88-4127-AD6A-9D16E2F7F26B}"
EndProject
Project("{FAE04EC0-301F-11D3-BF4B-00C04F79EFBC}") = "Application", "Application\Application.csproj", "{A5708D5D-A794-4B83-8993-DA37529095F2}"
EndProject
Project("{FAE04EC0-301F-11D3-BF4B-00C04F79EFBC}") = "Infrastructure", "Infrastructure\Infrastructure.csproj", "{FF908F81-126E-4B3D-BED2-9F4799F99597}"
EndProject
Project("{FAE04EC0-301F-11D3-BF4B-00C04F79EFBC}") = "API", "API\API.csproj", "{04D6C920-6737-4B7C-BC01-E20BF5A1CA06}"
EndProject
Global
	GlobalSection(SolutionConfigurationPlatforms) = preSolution
		Debug|Any CPU = Debug|Any CPU
		Release|Any CPU = Release|Any CPU
	EndGlobalSection
	GlobalSection(ProjectConfigurationPlatforms) = postSolution
		{10A7B000-2E88-4127-AD6A-9D16E2F7F26B}.Debug|Any CPU.ActiveCfg = Debug|Any CPU
		{10A7B000-2E88-4127-AD6A-9D16E2F7F26B}.Debug|Any CPU.Build.0 = Debug|Any CPU
		{10A7B000-2E88-4127-AD6A-9D16E2F7F26B}.Release|Any CPU.ActiveCfg = Release|Any CPU
		{10A7B000-2E88-4127-AD6A-9D16E2F7F26B}.Release|Any CPU.Build.0 = Release|Any CPU
		{A5708D5D-A794-4B83-8993-DA37529095F2}.Debug|Any CPU.ActiveCfg = Debug|Any CPU
		{A5708D5D-A794-4B83-8993-DA37529095F2}.Debug|Any CPU.Build.0 = Debug|Any CPU
		{A5708D5D-A794-4B83-8993-DA37529095F2}.Release|Any CPU.ActiveCfg = Release|Any CPU
		{A5708D5D-A794-4B83-8993-DA37529095F2}.Release|Any CPU.Build.0 = Release|Any CPU
		{FF908F81-126E-4B3D-BED2-9F4799F99597}.Debug|Any CPU.ActiveCfg = Debug|Any CPU
		{FF908F81-126E-4B3D-BED2-9F4799F99597}.Debug|Any CPU.Build.0 = Debug|Any CPU
		{FF908F81-126E-4B3D-BED2-9F4799F99597}.Release|Any CPU.ActiveCfg = Release|Any CPU
		{FF908F81-126E-4B3D-BED2-9F4799F99597}.Release|Any CPU.Build.0 = Release|Any CPU
		{04D6C920-6737-4B7C-BC01-E20BF5A1CA06}.Debug|Any CPU.ActiveCfg = Debug|Any CPU
		{04D6C920-6737-4B7C-BC01-E20BF5A1CA06}.Debug|Any CPU.Build.0 = Debug|Any CPU
		{04D6C920-6737-4B7C-BC01-E20BF5A1CA06}.Release|Any CPU.ActiveCfg = Release|Any CPU
		{04D6C920-6737-4B7C-BC01-E20BF5A1CA06}.Release|Any CPU.Build.0 = Release|Any CPU
	EndGlobalSection
	GlobalSection(SolutionProperties) = preSolution
		HideSolutionNode = FALSE
	EndGlobalSection
	GlobalSection(ExtensibilityGlobals) = postSolution
		SolutionGuid = {E8327B92-48F9-4583-A745-D8C61A2537D7}
	EndGlobalSection
EndGlobal
